
Microsoft Visual Studio Solution File, Format Version 12.00
# Visual Studio Version 17
VisualStudioVersion = 17.5.002.0
MinimumVisualStudioVersion = 10.0.40219.1
Project("{9A19103F-16F7-4668-BE54-9A1E7A4F7556}") = "API", "API\API.csproj", "{8855BFA0-C264-465A-B9F1-F8B8B150D7B1}"
EndProject
Global
	GlobalSection(SolutionConfigurationPlatforms) = preSolution
		Debug|Any CPU = Debug|Any CPU
		Release|Any CPU = Release|Any CPU
	EndGlobalSection
	GlobalSection(ProjectConfigurationPlatforms) = postSolution
		{8855BFA0-C264-465A-B9F1-F8B8B150D7B1}.Debug|Any CPU.ActiveCfg = Debug|Any CPU
		{8855BFA0-C264-465A-B9F1-F8B8B150D7B1}.Debug|Any CPU.Build.0 = Debug|Any CPU
		{8855BFA0-C264-465A-B9F1-F8B8B150D7B1}.Release|Any CPU.ActiveCfg = Release|Any CPU
		{8855BFA0-C264-465A-B9F1-F8B8B150D7B1}.Release|Any CPU.Build.0 = Release|Any CPU
	EndGlobalSection
	GlobalSection(SolutionProperties) = preSolution
		HideSolutionNode = FALSE
	EndGlobalSection
	GlobalSection(ExtensibilityGlobals) = postSolution
		SolutionGuid = {35EDE9FC-8975-4B84-A698-F3B94706B9DD}
	EndGlobalSection
EndGlobal
